
Microsoft Visual Studio Solution File, Format Version 12.00
# Visual Studio Version 17
VisualStudioVersion = 17.8.34408.163
MinimumVisualStudioVersion = 10.0.40219.1
Project("{FAE04EC0-301F-11D3-BF4B-00C04F79EFBC}") = "Proyecto1", "Proyecto1\Proyecto1.csproj", "{CBC312C2-06F7-454A-8437-49C373E1ADED}"
EndProject
Project("{2150E333-8FDC-42A3-9474-1A3956D46DE8}") = "Elementos de la solución", "Elementos de la solución", "{D69D369C-3313-4ADD-B0CF-6B5F39C22FB1}"
EndProject
Global
	GlobalSection(SolutionConfigurationPlatforms) = preSolution
		Debug|Any CPU = Debug|Any CPU
		Release|Any CPU = Release|Any CPU
	EndGlobalSection
	GlobalSection(ProjectConfigurationPlatforms) = postSolution
		{CBC312C2-06F7-454A-8437-49C373E1ADED}.Debug|Any CPU.ActiveCfg = Debug|Any CPU
		{CBC312C2-06F7-454A-8437-49C373E1ADED}.Debug|Any CPU.Build.0 = Debug|Any CPU
		{CBC312C2-06F7-454A-8437-49C373E1ADED}.Release|Any CPU.ActiveCfg = Release|Any CPU
		{CBC312C2-06F7-454A-8437-49C373E1ADED}.Release|Any CPU.Build.0 = Release|Any CPU
	EndGlobalSection
	GlobalSection(SolutionProperties) = preSolution
		HideSolutionNode = FALSE
	EndGlobalSection
	GlobalSection(ExtensibilityGlobals) = postSolution
		SolutionGuid = {410B2A5C-3574-4AFE-A0E0-F04707E06A5D}
	EndGlobalSection
EndGlobal
